
Microsoft Visual Studio Solution File, Format Version 12.00
# Visual Studio Version 16
VisualStudioVersion = 16.0.29920.165
MinimumVisualStudioVersion = 10.0.40219.1
Project("{FAE04EC0-301F-11D3-BF4B-00C04F79EFBC}") = "InternalForcesGUI", "InternalForcesGUI.csproj", "{512BDCA5-328B-45E8-B849-53C277BB578F}"
EndProject
Global
	GlobalSection(SolutionConfigurationPlatforms) = preSolution
		Debug|Any CPU = Debug|Any CPU
		Release|Any CPU = Release|Any CPU
	EndGlobalSection
	GlobalSection(ProjectConfigurationPlatforms) = postSolution
		{512BDCA5-328B-45E8-B849-53C277BB578F}.Debug|Any CPU.ActiveCfg = Debug|Any CPU
		{512BDCA5-328B-45E8-B849-53C277BB578F}.Debug|Any CPU.Build.0 = Debug|Any CPU
		{512BDCA5-328B-45E8-B849-53C277BB578F}.Release|Any CPU.ActiveCfg = Release|Any CPU
		{512BDCA5-328B-45E8-B849-53C277BB578F}.Release|Any CPU.Build.0 = Release|Any CPU
	EndGlobalSection
	GlobalSection(SolutionProperties) = preSolution
		HideSolutionNode = FALSE
	EndGlobalSection
	GlobalSection(ExtensibilityGlobals) = postSolution
		SolutionGuid = {E99FD273-996B-46C7-A2DC-B5B0534B15D2}
	EndGlobalSection
EndGlobal
